# This file was autogenerated by Stack.
# You should not edit this file by hand.
# For more information, please see the documentation at:
#   https://docs.haskellstack.org/en/stable/lock_files

packages: []
snapshots:
- completed:
    sha256: 3693cc17b3c739a22032b7c7bf44aa7ddbeef79311bb9f175e68372f92fc749b
    size: 600684
    url: https://raw.githubusercontent.com/commercialhaskell/stackage-snapshots/master/nightly/2024/2/11.yaml
  original: nightly-2024-02-11
